
Microsoft Visual Studio Solution File, Format Version 12.00
# Visual Studio Version 16
VisualStudioVersion = 16.0.29215.179
MinimumVisualStudioVersion = 10.0.40219.1
Project("{FAE04EC0-301F-11D3-BF4B-00C04F79EFBC}") = "YAML Generator", "YAML Generator.csproj", "{86EB935A-8800-4748-9E50-D0CE419C2C9E}"
EndProject
Global
	GlobalSection(SolutionConfigurationPlatforms) = preSolution
		Debug|Any CPU = Debug|Any CPU
		Release|Any CPU = Release|Any CPU
	EndGlobalSection
	GlobalSection(ProjectConfigurationPlatforms) = postSolution
		{86EB935A-8800-4748-9E50-D0CE419C2C9E}.Debug|Any CPU.ActiveCfg = Debug|Any CPU
		{86EB935A-8800-4748-9E50-D0CE419C2C9E}.Debug|Any CPU.Build.0 = Debug|Any CPU
		{86EB935A-8800-4748-9E50-D0CE419C2C9E}.Release|Any CPU.ActiveCfg = Release|Any CPU
		{86EB935A-8800-4748-9E50-D0CE419C2C9E}.Release|Any CPU.Build.0 = Release|Any CPU
	EndGlobalSection
	GlobalSection(SolutionProperties) = preSolution
		HideSolutionNode = FALSE
	EndGlobalSection
	GlobalSection(ExtensibilityGlobals) = postSolution
		SolutionGuid = {5E0EDA43-90E2-4ECC-BBAD-2D4CB22765EF}
	EndGlobalSection
EndGlobal
